
Microsoft Visual Studio Solution File, Format Version 12.00
# Visual Studio Version 17
VisualStudioVersion = 17.0.31903.59
MinimumVisualStudioVersion = 10.0.40219.1
Project("{FAE04EC0-301F-11D3-BF4B-00C04F79EFBC}") = "RestApi", "RestApi\RestApi.csproj", "{1DCEEE38-9659-43B3-9A5B-36813A2E8B6B}"
EndProject
Project("{FAE04EC0-301F-11D3-BF4B-00C04F79EFBC}") = "Domain", "Domain\Domain.csproj", "{039CC5E0-BA28-4A27-96A5-E0C75F638E2D}"
EndProject
Project("{FAE04EC0-301F-11D3-BF4B-00C04F79EFBC}") = "Data", "Data\Data.csproj", "{B4A91D90-C50E-4257-A958-98FC4B640C30}"
EndProject
Project("{FAE04EC0-301F-11D3-BF4B-00C04F79EFBC}") = "Utilities", "Utilities\Utilities.csproj", "{F7108256-0059-4D90-A41D-D8AB8D653C18}"
EndProject
Project("{FAE04EC0-301F-11D3-BF4B-00C04F79EFBC}") = "Tests", "Tests\Tests.csproj", "{7D3A2E63-B739-403A-B0F1-9117A417C77B}"
EndProject
Global
	GlobalSection(SolutionConfigurationPlatforms) = preSolution
		Debug|Any CPU = Debug|Any CPU
		Release|Any CPU = Release|Any CPU
	EndGlobalSection
	GlobalSection(SolutionProperties) = preSolution
		HideSolutionNode = FALSE
	EndGlobalSection
	GlobalSection(ProjectConfigurationPlatforms) = postSolution
		{1DCEEE38-9659-43B3-9A5B-36813A2E8B6B}.Debug|Any CPU.ActiveCfg = Debug|Any CPU
		{1DCEEE38-9659-43B3-9A5B-36813A2E8B6B}.Debug|Any CPU.Build.0 = Debug|Any CPU
		{1DCEEE38-9659-43B3-9A5B-36813A2E8B6B}.Release|Any CPU.ActiveCfg = Release|Any CPU
		{1DCEEE38-9659-43B3-9A5B-36813A2E8B6B}.Release|Any CPU.Build.0 = Release|Any CPU
		{039CC5E0-BA28-4A27-96A5-E0C75F638E2D}.Debug|Any CPU.ActiveCfg = Debug|Any CPU
		{039CC5E0-BA28-4A27-96A5-E0C75F638E2D}.Debug|Any CPU.Build.0 = Debug|Any CPU
		{039CC5E0-BA28-4A27-96A5-E0C75F638E2D}.Release|Any CPU.ActiveCfg = Release|Any CPU
		{039CC5E0-BA28-4A27-96A5-E0C75F638E2D}.Release|Any CPU.Build.0 = Release|Any CPU
		{B4A91D90-C50E-4257-A958-98FC4B640C30}.Debug|Any CPU.ActiveCfg = Debug|Any CPU
		{B4A91D90-C50E-4257-A958-98FC4B640C30}.Debug|Any CPU.Build.0 = Debug|Any CPU
		{B4A91D90-C50E-4257-A958-98FC4B640C30}.Release|Any CPU.ActiveCfg = Release|Any CPU
		{B4A91D90-C50E-4257-A958-98FC4B640C30}.Release|Any CPU.Build.0 = Release|Any CPU
		{F7108256-0059-4D90-A41D-D8AB8D653C18}.Debug|Any CPU.ActiveCfg = Debug|Any CPU
		{F7108256-0059-4D90-A41D-D8AB8D653C18}.Debug|Any CPU.Build.0 = Debug|Any CPU
		{F7108256-0059-4D90-A41D-D8AB8D653C18}.Release|Any CPU.ActiveCfg = Release|Any CPU
		{F7108256-0059-4D90-A41D-D8AB8D653C18}.Release|Any CPU.Build.0 = Release|Any CPU
		{7D3A2E63-B739-403A-B0F1-9117A417C77B}.Debug|Any CPU.ActiveCfg = Debug|Any CPU
		{7D3A2E63-B739-403A-B0F1-9117A417C77B}.Debug|Any CPU.Build.0 = Debug|Any CPU
		{7D3A2E63-B739-403A-B0F1-9117A417C77B}.Release|Any CPU.ActiveCfg = Release|Any CPU
		{7D3A2E63-B739-403A-B0F1-9117A417C77B}.Release|Any CPU.Build.0 = Release|Any CPU
	EndGlobalSection
EndGlobal
