
Microsoft Visual Studio Solution File, Format Version 12.00
# Visual Studio Version 17
VisualStudioVersion = 17.0.31903.59
MinimumVisualStudioVersion = 10.0.40219.1
Project("{FAE04EC0-301F-11D3-BF4B-00C04F79EFBC}") = "Domain", "Domain\Domain.csproj", "{039CC5E0-BA28-4A27-96A5-E0C75F638E2D}"
EndProject
Project("{FAE04EC0-301F-11D3-BF4B-00C04F79EFBC}") = "Data", "Data\Data.csproj", "{B4A91D90-C50E-4257-A958-98FC4B640C30}"
EndProject
Project("{FAE04EC0-301F-11D3-BF4B-00C04F79EFBC}") = "Utilities", "Utilities\Utilities.csproj", "{F7108256-0059-4D90-A41D-D8AB8D653C18}"
EndProject
Project("{FAE04EC0-301F-11D3-BF4B-00C04F79EFBC}") = "Tests.Old", "Tests.Old\Tests.Old.csproj", "{7D3A2E63-B739-403A-B0F1-9117A417C77B}"
EndProject
Project("{FAE04EC0-301F-11D3-BF4B-00C04F79EFBC}") = "Rest.Models", "Rest.Models\Rest.Models.csproj", "{52C42A9A-BDDC-477A-BD1B-75B173ACA918}"
EndProject
Project("{FAE04EC0-301F-11D3-BF4B-00C04F79EFBC}") = "Rest.Controllers", "Rest.Controllers\Rest.Controllers.csproj", "{871CA241-4294-48F0-8860-9D49BC557B6A}"
EndProject
Project("{FAE04EC0-301F-11D3-BF4B-00C04F79EFBC}") = "Tests", "Tests\Tests.csproj", "{2CEE8C57-9617-4C80-B883-5B7CFB0AF01E}"
EndProject
Global
	GlobalSection(SolutionConfigurationPlatforms) = preSolution
		Debug|Any CPU = Debug|Any CPU
		Debug|x64 = Debug|x64
		Debug|x86 = Debug|x86
		Release|Any CPU = Release|Any CPU
		Release|x64 = Release|x64
		Release|x86 = Release|x86
	EndGlobalSection
	GlobalSection(ProjectConfigurationPlatforms) = postSolution
		{039CC5E0-BA28-4A27-96A5-E0C75F638E2D}.Debug|Any CPU.ActiveCfg = Debug|Any CPU
		{039CC5E0-BA28-4A27-96A5-E0C75F638E2D}.Debug|Any CPU.Build.0 = Debug|Any CPU
		{039CC5E0-BA28-4A27-96A5-E0C75F638E2D}.Debug|x64.ActiveCfg = Debug|Any CPU
		{039CC5E0-BA28-4A27-96A5-E0C75F638E2D}.Debug|x64.Build.0 = Debug|Any CPU
		{039CC5E0-BA28-4A27-96A5-E0C75F638E2D}.Debug|x86.ActiveCfg = Debug|Any CPU
		{039CC5E0-BA28-4A27-96A5-E0C75F638E2D}.Debug|x86.Build.0 = Debug|Any CPU
		{039CC5E0-BA28-4A27-96A5-E0C75F638E2D}.Release|Any CPU.ActiveCfg = Release|Any CPU
		{039CC5E0-BA28-4A27-96A5-E0C75F638E2D}.Release|Any CPU.Build.0 = Release|Any CPU
		{039CC5E0-BA28-4A27-96A5-E0C75F638E2D}.Release|x64.ActiveCfg = Release|Any CPU
		{039CC5E0-BA28-4A27-96A5-E0C75F638E2D}.Release|x64.Build.0 = Release|Any CPU
		{039CC5E0-BA28-4A27-96A5-E0C75F638E2D}.Release|x86.ActiveCfg = Release|Any CPU
		{039CC5E0-BA28-4A27-96A5-E0C75F638E2D}.Release|x86.Build.0 = Release|Any CPU
		{B4A91D90-C50E-4257-A958-98FC4B640C30}.Debug|Any CPU.ActiveCfg = Debug|Any CPU
		{B4A91D90-C50E-4257-A958-98FC4B640C30}.Debug|Any CPU.Build.0 = Debug|Any CPU
		{B4A91D90-C50E-4257-A958-98FC4B640C30}.Debug|x64.ActiveCfg = Debug|Any CPU
		{B4A91D90-C50E-4257-A958-98FC4B640C30}.Debug|x64.Build.0 = Debug|Any CPU
		{B4A91D90-C50E-4257-A958-98FC4B640C30}.Debug|x86.ActiveCfg = Debug|Any CPU
		{B4A91D90-C50E-4257-A958-98FC4B640C30}.Debug|x86.Build.0 = Debug|Any CPU
		{B4A91D90-C50E-4257-A958-98FC4B640C30}.Release|Any CPU.ActiveCfg = Release|Any CPU
		{B4A91D90-C50E-4257-A958-98FC4B640C30}.Release|Any CPU.Build.0 = Release|Any CPU
		{B4A91D90-C50E-4257-A958-98FC4B640C30}.Release|x64.ActiveCfg = Release|Any CPU
		{B4A91D90-C50E-4257-A958-98FC4B640C30}.Release|x64.Build.0 = Release|Any CPU
		{B4A91D90-C50E-4257-A958-98FC4B640C30}.Release|x86.ActiveCfg = Release|Any CPU
		{B4A91D90-C50E-4257-A958-98FC4B640C30}.Release|x86.Build.0 = Release|Any CPU
		{F7108256-0059-4D90-A41D-D8AB8D653C18}.Debug|Any CPU.ActiveCfg = Debug|Any CPU
		{F7108256-0059-4D90-A41D-D8AB8D653C18}.Debug|Any CPU.Build.0 = Debug|Any CPU
		{F7108256-0059-4D90-A41D-D8AB8D653C18}.Debug|x64.ActiveCfg = Debug|Any CPU
		{F7108256-0059-4D90-A41D-D8AB8D653C18}.Debug|x64.Build.0 = Debug|Any CPU
		{F7108256-0059-4D90-A41D-D8AB8D653C18}.Debug|x86.ActiveCfg = Debug|Any CPU
		{F7108256-0059-4D90-A41D-D8AB8D653C18}.Debug|x86.Build.0 = Debug|Any CPU
		{F7108256-0059-4D90-A41D-D8AB8D653C18}.Release|Any CPU.ActiveCfg = Release|Any CPU
		{F7108256-0059-4D90-A41D-D8AB8D653C18}.Release|Any CPU.Build.0 = Release|Any CPU
		{F7108256-0059-4D90-A41D-D8AB8D653C18}.Release|x64.ActiveCfg = Release|Any CPU
		{F7108256-0059-4D90-A41D-D8AB8D653C18}.Release|x64.Build.0 = Release|Any CPU
		{F7108256-0059-4D90-A41D-D8AB8D653C18}.Release|x86.ActiveCfg = Release|Any CPU
		{F7108256-0059-4D90-A41D-D8AB8D653C18}.Release|x86.Build.0 = Release|Any CPU
		{7D3A2E63-B739-403A-B0F1-9117A417C77B}.Debug|Any CPU.ActiveCfg = Debug|Any CPU
		{7D3A2E63-B739-403A-B0F1-9117A417C77B}.Debug|Any CPU.Build.0 = Debug|Any CPU
		{7D3A2E63-B739-403A-B0F1-9117A417C77B}.Debug|x64.ActiveCfg = Debug|Any CPU
		{7D3A2E63-B739-403A-B0F1-9117A417C77B}.Debug|x64.Build.0 = Debug|Any CPU
		{7D3A2E63-B739-403A-B0F1-9117A417C77B}.Debug|x86.ActiveCfg = Debug|Any CPU
		{7D3A2E63-B739-403A-B0F1-9117A417C77B}.Debug|x86.Build.0 = Debug|Any CPU
		{7D3A2E63-B739-403A-B0F1-9117A417C77B}.Release|Any CPU.ActiveCfg = Release|Any CPU
		{7D3A2E63-B739-403A-B0F1-9117A417C77B}.Release|Any CPU.Build.0 = Release|Any CPU
		{7D3A2E63-B739-403A-B0F1-9117A417C77B}.Release|x64.ActiveCfg = Release|Any CPU
		{7D3A2E63-B739-403A-B0F1-9117A417C77B}.Release|x64.Build.0 = Release|Any CPU
		{7D3A2E63-B739-403A-B0F1-9117A417C77B}.Release|x86.ActiveCfg = Release|Any CPU
		{7D3A2E63-B739-403A-B0F1-9117A417C77B}.Release|x86.Build.0 = Release|Any CPU
		{52C42A9A-BDDC-477A-BD1B-75B173ACA918}.Debug|Any CPU.ActiveCfg = Debug|Any CPU
		{52C42A9A-BDDC-477A-BD1B-75B173ACA918}.Debug|Any CPU.Build.0 = Debug|Any CPU
		{52C42A9A-BDDC-477A-BD1B-75B173ACA918}.Debug|x64.ActiveCfg = Debug|Any CPU
		{52C42A9A-BDDC-477A-BD1B-75B173ACA918}.Debug|x64.Build.0 = Debug|Any CPU
		{52C42A9A-BDDC-477A-BD1B-75B173ACA918}.Debug|x86.ActiveCfg = Debug|Any CPU
		{52C42A9A-BDDC-477A-BD1B-75B173ACA918}.Debug|x86.Build.0 = Debug|Any CPU
		{52C42A9A-BDDC-477A-BD1B-75B173ACA918}.Release|Any CPU.ActiveCfg = Release|Any CPU
		{52C42A9A-BDDC-477A-BD1B-75B173ACA918}.Release|Any CPU.Build.0 = Release|Any CPU
		{52C42A9A-BDDC-477A-BD1B-75B173ACA918}.Release|x64.ActiveCfg = Release|Any CPU
		{52C42A9A-BDDC-477A-BD1B-75B173ACA918}.Release|x64.Build.0 = Release|Any CPU
		{52C42A9A-BDDC-477A-BD1B-75B173ACA918}.Release|x86.ActiveCfg = Release|Any CPU
		{52C42A9A-BDDC-477A-BD1B-75B173ACA918}.Release|x86.Build.0 = Release|Any CPU
		{871CA241-4294-48F0-8860-9D49BC557B6A}.Debug|Any CPU.ActiveCfg = Debug|Any CPU
		{871CA241-4294-48F0-8860-9D49BC557B6A}.Debug|Any CPU.Build.0 = Debug|Any CPU
		{871CA241-4294-48F0-8860-9D49BC557B6A}.Debug|x64.ActiveCfg = Debug|Any CPU
		{871CA241-4294-48F0-8860-9D49BC557B6A}.Debug|x64.Build.0 = Debug|Any CPU
		{871CA241-4294-48F0-8860-9D49BC557B6A}.Debug|x86.ActiveCfg = Debug|Any CPU
		{871CA241-4294-48F0-8860-9D49BC557B6A}.Debug|x86.Build.0 = Debug|Any CPU
		{871CA241-4294-48F0-8860-9D49BC557B6A}.Release|Any CPU.ActiveCfg = Release|Any CPU
		{871CA241-4294-48F0-8860-9D49BC557B6A}.Release|Any CPU.Build.0 = Release|Any CPU
		{871CA241-4294-48F0-8860-9D49BC557B6A}.Release|x64.ActiveCfg = Release|Any CPU
		{871CA241-4294-48F0-8860-9D49BC557B6A}.Release|x64.Build.0 = Release|Any CPU
		{871CA241-4294-48F0-8860-9D49BC557B6A}.Release|x86.ActiveCfg = Release|Any CPU
		{871CA241-4294-48F0-8860-9D49BC557B6A}.Release|x86.Build.0 = Release|Any CPU
		{2CEE8C57-9617-4C80-B883-5B7CFB0AF01E}.Debug|Any CPU.ActiveCfg = Debug|Any CPU
		{2CEE8C57-9617-4C80-B883-5B7CFB0AF01E}.Debug|Any CPU.Build.0 = Debug|Any CPU
		{2CEE8C57-9617-4C80-B883-5B7CFB0AF01E}.Debug|x64.ActiveCfg = Debug|Any CPU
		{2CEE8C57-9617-4C80-B883-5B7CFB0AF01E}.Debug|x64.Build.0 = Debug|Any CPU
		{2CEE8C57-9617-4C80-B883-5B7CFB0AF01E}.Debug|x86.ActiveCfg = Debug|Any CPU
		{2CEE8C57-9617-4C80-B883-5B7CFB0AF01E}.Debug|x86.Build.0 = Debug|Any CPU
		{2CEE8C57-9617-4C80-B883-5B7CFB0AF01E}.Release|Any CPU.ActiveCfg = Release|Any CPU
		{2CEE8C57-9617-4C80-B883-5B7CFB0AF01E}.Release|Any CPU.Build.0 = Release|Any CPU
		{2CEE8C57-9617-4C80-B883-5B7CFB0AF01E}.Release|x64.ActiveCfg = Release|Any CPU
		{2CEE8C57-9617-4C80-B883-5B7CFB0AF01E}.Release|x64.Build.0 = Release|Any CPU
		{2CEE8C57-9617-4C80-B883-5B7CFB0AF01E}.Release|x86.ActiveCfg = Release|Any CPU
		{2CEE8C57-9617-4C80-B883-5B7CFB0AF01E}.Release|x86.Build.0 = Release|Any CPU
	EndGlobalSection
	GlobalSection(SolutionProperties) = preSolution
		HideSolutionNode = FALSE
	EndGlobalSection
EndGlobal
